
Microsoft Visual Studio Solution File, Format Version 11.00
# Visual Studio 2010
Project("{8BC9CEB8-8B4A-11D0-8D11-00A0C91BC942}") = "MockW", "MockW\MockW.vcxproj", "{98ACBC12-547A-447A-8D52-F7142DCFED43}"
EndProject
Global
	GlobalSection(SolutionConfigurationPlatforms) = preSolution
		Debug|Win32 = Debug|Win32
		Release|Win32 = Release|Win32
	EndGlobalSection
	GlobalSection(ProjectConfigurationPlatforms) = postSolution
		{98ACBC12-547A-447A-8D52-F7142DCFED43}.Debug|Win32.ActiveCfg = Debug|Win32
		{98ACBC12-547A-447A-8D52-F7142DCFED43}.Debug|Win32.Build.0 = Debug|Win32
		{98ACBC12-547A-447A-8D52-F7142DCFED43}.Release|Win32.ActiveCfg = Release|Win32
		{98ACBC12-547A-447A-8D52-F7142DCFED43}.Release|Win32.Build.0 = Release|Win32
	EndGlobalSection
	GlobalSection(SolutionProperties) = preSolution
		HideSolutionNode = FALSE
	EndGlobalSection
EndGlobal
